
Microsoft Visual Studio Solution File, Format Version 12.00
# Visual Studio Version 16
VisualStudioVersion = 16.0.31321.278
MinimumVisualStudioVersion = 10.0.40219.1
Project("{9A19103F-16F7-4668-BE54-9A1E7A4F7556}") = "PorAli", "PorAli\PorAli.csproj", "{8DC6ED4F-FEAA-4753-BCA3-925512A6839A}"
EndProject
Project("{9A19103F-16F7-4668-BE54-9A1E7A4F7556}") = "DataAccessPorali", "DataAccessPorali\DataAccessPorali.csproj", "{F5618A27-A283-4AB1-89A5-53B9ED47C498}"
EndProject
Global
	GlobalSection(SolutionConfigurationPlatforms) = preSolution
		Debug|Any CPU = Debug|Any CPU
		Release|Any CPU = Release|Any CPU
	EndGlobalSection
	GlobalSection(ProjectConfigurationPlatforms) = postSolution
		{8DC6ED4F-FEAA-4753-BCA3-925512A6839A}.Debug|Any CPU.ActiveCfg = Debug|Any CPU
		{8DC6ED4F-FEAA-4753-BCA3-925512A6839A}.Debug|Any CPU.Build.0 = Debug|Any CPU
		{8DC6ED4F-FEAA-4753-BCA3-925512A6839A}.Release|Any CPU.ActiveCfg = Release|Any CPU
		{8DC6ED4F-FEAA-4753-BCA3-925512A6839A}.Release|Any CPU.Build.0 = Release|Any CPU
		{F5618A27-A283-4AB1-89A5-53B9ED47C498}.Debug|Any CPU.ActiveCfg = Debug|Any CPU
		{F5618A27-A283-4AB1-89A5-53B9ED47C498}.Debug|Any CPU.Build.0 = Debug|Any CPU
		{F5618A27-A283-4AB1-89A5-53B9ED47C498}.Release|Any CPU.ActiveCfg = Release|Any CPU
		{F5618A27-A283-4AB1-89A5-53B9ED47C498}.Release|Any CPU.Build.0 = Release|Any CPU
	EndGlobalSection
	GlobalSection(SolutionProperties) = preSolution
		HideSolutionNode = FALSE
	EndGlobalSection
	GlobalSection(ExtensibilityGlobals) = postSolution
		SolutionGuid = {D94664AE-7CF9-4423-ACB7-F3770D586184}
	EndGlobalSection
EndGlobal
